
Microsoft Visual Studio Solution File, Format Version 12.00
# Visual Studio Version 17
VisualStudioVersion = 17.14.36717.8
MinimumVisualStudioVersion = 10.0.40219.1
Project("{FAE04EC0-301F-11D3-BF4B-00C04F79EFBC}") = "Resturant", "Resturant\Resturant.csproj", "{8592BF13-36BB-4D37-AE0A-C17136FCA80E}"
EndProject
Global
	GlobalSection(SolutionConfigurationPlatforms) = preSolution
		Debug|Any CPU = Debug|Any CPU
		Release|Any CPU = Release|Any CPU
	EndGlobalSection
	GlobalSection(ProjectConfigurationPlatforms) = postSolution
		{8592BF13-36BB-4D37-AE0A-C17136FCA80E}.Debug|Any CPU.ActiveCfg = Debug|Any CPU
		{8592BF13-36BB-4D37-AE0A-C17136FCA80E}.Debug|Any CPU.Build.0 = Debug|Any CPU
		{8592BF13-36BB-4D37-AE0A-C17136FCA80E}.Release|Any CPU.ActiveCfg = Release|Any CPU
		{8592BF13-36BB-4D37-AE0A-C17136FCA80E}.Release|Any CPU.Build.0 = Release|Any CPU
	EndGlobalSection
	GlobalSection(SolutionProperties) = preSolution
		HideSolutionNode = FALSE
	EndGlobalSection
	GlobalSection(ExtensibilityGlobals) = postSolution
		SolutionGuid = {5FDD7C80-56B9-413A-9CF2-A5C5BACBAD35}
	EndGlobalSection
EndGlobal
